
Microsoft Visual Studio Solution File, Format Version 12.00
# Visual Studio Version 18
VisualStudioVersion = 18.7.11925.98
MinimumVisualStudioVersion = 10.0.40219.1
Project("{2150E333-8FDC-42A3-9474-1A3956D46DE8}") = "Core", "Core", "{E8FEF3F2-0E8B-4B07-B7B1-5F9DCF5CDE57}"
EndProject
Project("{9A19103F-16F7-4668-BE54-9A1E7A4F7556}") = "SlientMoon.Domain", "src\Core\SlientMoon.Domain\SlientMoon.Domain.csproj", "{94CEFBB4-0EBA-43A7-AAD1-570636862638}"
EndProject
Project("{9A19103F-16F7-4668-BE54-9A1E7A4F7556}") = "SlientMoon.Application", "src\Core\SlientMoon.Application\SlientMoon.Application.csproj", "{68931577-DCEC-4B52-A1BF-1920159D168C}"
EndProject
Project("{2150E333-8FDC-42A3-9474-1A3956D46DE8}") = "Infrastructure", "Infrastructure", "{32D0FADD-C6F3-477D-B864-2FF96ECDFA01}"
EndProject
Project("{9A19103F-16F7-4668-BE54-9A1E7A4F7556}") = "SlientMoon.Infrastructure.Persistence", "src\Infrastructure\SlientMoon.Infrastructure.Persistence\SlientMoon.Infrastructure.Persistence.csproj", "{CCE7DEAA-D8EB-4777-B5AB-F22361A8A731}"
EndProject
Project("{2150E333-8FDC-42A3-9474-1A3956D46DE8}") = "Presentation", "Presentation", "{7A4DD4B2-B2E3-4C4E-A1C3-B988088BAC7F}"
EndProject
Project("{9A19103F-16F7-4668-BE54-9A1E7A4F7556}") = "SlientMoon.WebApi", "src\Presentation\SlientMoon.WebApi\SlientMoon.WebApi.csproj", "{ABA304E5-E37C-41FC-82DF-DDEA880E3611}"
EndProject
Project("{2150E333-8FDC-42A3-9474-1A3956D46DE8}") = "Shared", "Shared", "{02EA681E-C7D8-13C7-8484-4AC65E1B71E8}"
EndProject
Project("{FAE04EC0-301F-11D3-BF4B-00C04F79EFBC}") = "SlientMoon.SharedKernel", "src\Shared\SlientMoon.SharedKernel\SlientMoon.SharedKernel.csproj", "{52447E7B-707C-4391-A3E4-13D700893B38}"
EndProject
Project("{FAE04EC0-301F-11D3-BF4B-00C04F79EFBC}") = "SlientMoon.Infrastructure.Messaging", "src\Infrastructure\SlientMoon.Infrastructure.Messaging\SlientMoon.Infrastructure.Messaging.csproj", "{E62F08B8-E9BA-B89D-058E-683BA504F07D}"
EndProject
Global
	GlobalSection(SolutionConfigurationPlatforms) = preSolution
		Debug|Any CPU = Debug|Any CPU
		Release|Any CPU = Release|Any CPU
	EndGlobalSection
	GlobalSection(ProjectConfigurationPlatforms) = postSolution
		{94CEFBB4-0EBA-43A7-AAD1-570636862638}.Debug|Any CPU.ActiveCfg = Debug|Any CPU
		{94CEFBB4-0EBA-43A7-AAD1-570636862638}.Debug|Any CPU.Build.0 = Debug|Any CPU
		{94CEFBB4-0EBA-43A7-AAD1-570636862638}.Release|Any CPU.ActiveCfg = Release|Any CPU
		{94CEFBB4-0EBA-43A7-AAD1-570636862638}.Release|Any CPU.Build.0 = Release|Any CPU
		{68931577-DCEC-4B52-A1BF-1920159D168C}.Debug|Any CPU.ActiveCfg = Debug|Any CPU
		{68931577-DCEC-4B52-A1BF-1920159D168C}.Debug|Any CPU.Build.0 = Debug|Any CPU
		{68931577-DCEC-4B52-A1BF-1920159D168C}.Release|Any CPU.ActiveCfg = Release|Any CPU
		{68931577-DCEC-4B52-A1BF-1920159D168C}.Release|Any CPU.Build.0 = Release|Any CPU
		{CCE7DEAA-D8EB-4777-B5AB-F22361A8A731}.Debug|Any CPU.ActiveCfg = Debug|Any CPU
		{CCE7DEAA-D8EB-4777-B5AB-F22361A8A731}.Debug|Any CPU.Build.0 = Debug|Any CPU
		{CCE7DEAA-D8EB-4777-B5AB-F22361A8A731}.Release|Any CPU.ActiveCfg = Release|Any CPU
		{CCE7DEAA-D8EB-4777-B5AB-F22361A8A731}.Release|Any CPU.Build.0 = Release|Any CPU
		{ABA304E5-E37C-41FC-82DF-DDEA880E3611}.Debug|Any CPU.ActiveCfg = Debug|Any CPU
		{ABA304E5-E37C-41FC-82DF-DDEA880E3611}.Debug|Any CPU.Build.0 = Debug|Any CPU
		{ABA304E5-E37C-41FC-82DF-DDEA880E3611}.Release|Any CPU.ActiveCfg = Release|Any CPU
		{ABA304E5-E37C-41FC-82DF-DDEA880E3611}.Release|Any CPU.Build.0 = Release|Any CPU
		{52447E7B-707C-4391-A3E4-13D700893B38}.Debug|Any CPU.ActiveCfg = Debug|Any CPU
		{52447E7B-707C-4391-A3E4-13D700893B38}.Debug|Any CPU.Build.0 = Debug|Any CPU
		{52447E7B-707C-4391-A3E4-13D700893B38}.Release|Any CPU.ActiveCfg = Release|Any CPU
		{52447E7B-707C-4391-A3E4-13D700893B38}.Release|Any CPU.Build.0 = Release|Any CPU
		{E62F08B8-E9BA-B89D-058E-683BA504F07D}.Debug|Any CPU.ActiveCfg = Debug|Any CPU
		{E62F08B8-E9BA-B89D-058E-683BA504F07D}.Debug|Any CPU.Build.0 = Debug|Any CPU
		{E62F08B8-E9BA-B89D-058E-683BA504F07D}.Release|Any CPU.ActiveCfg = Release|Any CPU
		{E62F08B8-E9BA-B89D-058E-683BA504F07D}.Release|Any CPU.Build.0 = Release|Any CPU
	EndGlobalSection
	GlobalSection(SolutionProperties) = preSolution
		HideSolutionNode = FALSE
	EndGlobalSection
	GlobalSection(NestedProjects) = preSolution
		{94CEFBB4-0EBA-43A7-AAD1-570636862638} = {E8FEF3F2-0E8B-4B07-B7B1-5F9DCF5CDE57}
		{68931577-DCEC-4B52-A1BF-1920159D168C} = {E8FEF3F2-0E8B-4B07-B7B1-5F9DCF5CDE57}
		{CCE7DEAA-D8EB-4777-B5AB-F22361A8A731} = {32D0FADD-C6F3-477D-B864-2FF96ECDFA01}
		{ABA304E5-E37C-41FC-82DF-DDEA880E3611} = {7A4DD4B2-B2E3-4C4E-A1C3-B988088BAC7F}
		{52447E7B-707C-4391-A3E4-13D700893B38} = {02EA681E-C7D8-13C7-8484-4AC65E1B71E8}
		{E62F08B8-E9BA-B89D-058E-683BA504F07D} = {32D0FADD-C6F3-477D-B864-2FF96ECDFA01}
	EndGlobalSection
	GlobalSection(ExtensibilityGlobals) = postSolution
		SolutionGuid = {1EFBAF45-5EC7-491B-8E1D-27E295B5B2D0}
	EndGlobalSection
EndGlobal
